// !$*UTF8*$!
{
	archiveVersion = 1;
	classes = {
	};
	objectVersion = 50;
	objects = {

/* Begin PBXBuildFile section */
		0E45E27423C71ED300352789 /* AppDelegate.m in Sources */ = {isa = PBXBuildFile; fileRef = 0E45E27323C71ED300352789 /* AppDelegate.m */; };
		0E45E27723C71ED300352789 /* SceneDelegate.m in Sources */ = {isa = PBXBuildFile; fileRef = 0E45E27623C71ED300352789 /* SceneDelegate.m */; };
		0E45E27A23C71ED300352789 /* ViewController.m in Sources */ = {isa = PBXBuildFile; fileRef = 0E45E27923C71ED300352789 /* ViewController.m */; };
		0E45E27D23C71ED300352789 /* Main.storyboard in Resources */ = {isa = PBXBuildFile; fileRef = 0E45E27B23C71ED300352789 /* Main.storyboard */; };
		0E45E27F23C71ED500352789 /* Assets.xcassets in Resources */ = {isa = PBXBuildFile; fileRef = 0E45E27E23C71ED500352789 /* Assets.xcassets */; };
		0E45E28223C71ED500352789 /* LaunchScreen.storyboard in Resources */ = {isa = PBXBuildFile; fileRef = 0E45E28023C71ED500352789 /* LaunchScreen.storyboard */; };
		0E45E28523C71ED500352789 /* main.m in Sources */ = {isa = PBXBuildFile; fileRef = 0E45E28423C71ED500352789 /* main.m */; };
		0E45E28C23C7265F00352789 /* azure-pipelines.yml in Resources */ = {isa = PBXBuildFile; fileRef = 0E45E28B23C7265F00352789 /* azure-pipelines.yml */; };
/* End PBXBuildFile section */

/* Begin PBXFileReference section */
		0E45E26F23C71ED300352789 /* iOSPipelineTest.app */ = {isa = PBXFileReference; explicitFileType = wrapper.application; includeInIndex = 0; path = iOSPipelineTest.app; sourceTree = BUILT_PRODUCTS_DIR; };
		0E45E27223C71ED300352789 /* AppDelegate.h */ = {isa = PBXFileReference; lastKnownFileType = sourcecode.c.h; path = AppDelegate.h; sourceTree = "<group>"; };
		0E45E27323C71ED300352789 /* AppDelegate.m */ = {isa = PBXFileReference; lastKnownFileType = sourcecode.c.objc; path = AppDelegate.m; sourceTree = "<group>"; };
		0E45E27523C71ED300352789 /* SceneDelegate.h */ = {isa = PBXFileReference; lastKnownFileType = sourcecode.c.h; path = SceneDelegate.h; sourceTree = "<group>"; };
		0E45E27623C71ED300352789 /* SceneDelegate.m */ = {isa = PBXFileReference; lastKnownFileType = sourcecode.c.objc; path = SceneDelegate.m; sourceTree = "<group>"; };
		0E45E27823C71ED300352789 /* ViewController.h */ = {isa = PBXFileReference; lastKnownFileType = sourcecode.c.h; path = ViewController.h; sourceTree = "<group>"; };
		0E45E27923C71ED300352789 /* ViewController.m */ = {isa = PBXFileReference; lastKnownFileType = sourcecode.c.objc; path = ViewController.m; sourceTree = "<group>"; };
		0E45E27C23C71ED300352789 /* Base */ = {isa = PBXFileReference; lastKnownFileType = file.storyboard; name = Base; path = Base.lproj/Main.storyboard; sourceTree = "<group>"; };
		0E45E27E23C71ED500352789 /* Assets.xcassets */ = {isa = PBXFileReference; lastKnownFileType = folder.assetcatalog; path = Assets.xcassets; sourceTree = "<group>"; };
		0E45E28123C71ED500352789 /* Base */ = {isa = PBXFileReference; lastKnownFileType = file.storyboard; name = Base; path = Base.lproj/LaunchScreen.storyboard; sourceTree = "<group>"; };
		0E45E28323C71ED500352789 /* Info.plist */ = {isa = PBXFileReference; lastKnownFileType = text.plist.xml; path = Info.plist; sourceTree = "<group>"; };
		0E45E28423C71ED500352789 /* main.m */ = {isa = PBXFileReference; lastKnownFileType = sourcecode.c.objc; path = main.m; sourceTree = "<group>"; };
		0E45E28B23C7265F00352789 /* azure-pipelines.yml */ = {isa = PBXFileReference; fileEncoding = 4; lastKnownFileType = text.yaml; path = "azure-pipelines.yml"; sourceTree = SOURCE_ROOT; };
		0E4DE2A823C7622300702E76 /* iOSPipelineTest.entitlements */ = {isa = PBXFileReference; lastKnownFileType = text.plist.entitlements; path = iOSPipelineTest.entitlements; sourceTree = "<group>"; };
/* End PBXFileReference section */

/* Begin PBXFrameworksBuildPhase section */
		0E45E26C23C71ED300352789 /* Frameworks */ = {
			isa = PBXFrameworksBuildPhase;
			buildActionMask = 2147483647;
			files = (
			);
			runOnlyForDeploymentPostprocessing = 0;
		};
/* End PBXFrameworksBuildPhase section */

/* Begin PBXGroup section */
		0E45E26623C71ED300352789 = {
			isa = PBXGroup;
			children = (
				0E45E27123C71ED300352789 /* iOSPipelineTest */,
				0E45E27023C71ED300352789 /* Products */,
				0E45E28B23C7265F00352789 /* azure-pipelines.yml */,
			);
			sourceTree = "<group>";
		};
		0E45E27023C71ED300352789 /* Products */ = {
			isa = PBXGroup;
			children = (
				0E45E26F23C71ED300352789 /* iOSPipelineTest.app */,
			);
			name = Products;
			sourceTree = "<group>";
		};
		0E45E27123C71ED300352789 /* iOSPipelineTest */ = {
			isa = PBXGroup;
			children = (
				0E4DE2A823C7622300702E76 /* iOSPipelineTest.entitlements */,
				0E45E27223C71ED300352789 /* AppDelegate.h */,
				0E45E27323C71ED300352789 /* AppDelegate.m */,
				0E45E27523C71ED300352789 /* SceneDelegate.h */,
				0E45E27623C71ED300352789 /* SceneDelegate.m */,
				0E45E27823C71ED300352789 /* ViewController.h */,
				0E45E27923C71ED300352789 /* ViewController.m */,
				0E45E27B23C71ED300352789 /* Main.storyboard */,
				0E45E27E23C71ED500352789 /* Assets.xcassets */,
				0E45E28023C71ED500352789 /* LaunchScreen.storyboard */,
				0E45E28323C71ED500352789 /* Info.plist */,
				0E45E28423C71ED500352789 /* main.m */,
			);
			path = iOSPipelineTest;
			sourceTree = "<group>";
		};
/* End PBXGroup section */

/* Begin PBXNativeTarget section */
		0E45E26E23C71ED300352789 /* iOSPipelineTest */ = {
			isa = PBXNativeTarget;
			buildConfigurationList = 0E45E28823C71ED500352789 /* Build configuration list for PBXNativeTarget "iOSPipelineTest" */;
			buildPhases = (
				0E45E26B23C71ED300352789 /* Sources */,
				0E45E26C23C71ED300352789 /* Frameworks */,
				0E45E26D23C71ED300352789 /* Resources */,
			);
			buildRules = (
			);
			dependencies = (
			);
			name = iOSPipelineTest;
			productName = iOSPipelineTest;
			productReference = 0E45E26F23C71ED300352789 /* iOSPipelineTest.app */;
			productType = "com.apple.product-type.application";
		};
/* End PBXNativeTarget section */

/* Begin PBXProject section */
		0E45E26723C71ED300352789 /* Project object */ = {
			isa = PBXProject;
			attributes = {
				LastUpgradeCheck = 1130;
				ORGANIZATIONNAME = Test;
				TargetAttributes = {
					0E45E26E23C71ED300352789 = {
						CreatedOnToolsVersion = 11.3;
					};
				};
			};
			buildConfigurationList = 0E45E26A23C71ED300352789 /* Build configuration list for PBXProject "iOSPipelineTest" */;
			compatibilityVersion = "Xcode 9.3";
			developmentRegion = en;
			hasScannedForEncodings = 0;
			knownRegions = (
				en,
				Base,
			);
			mainGroup = 0E45E26623C71ED300352789;
			productRefGroup = 0E45E27023C71ED300352789 /* Products */;
			projectDirPath = "";
			projectRoot = "";
			targets = (
				0E45E26E23C71ED300352789 /* iOSPipelineTest */,
			);
		};
/* End PBXProject section */

/* Begin PBXResourcesBuildPhase section */
		0E45E26D23C71ED300352789 /* Resources */ = {
			isa = PBXResourcesBuildPhase;
			buildActionMask = 2147483647;
			files = (
				0E45E28C23C7265F00352789 /* azure-pipelines.yml in Resources */,
				0E45E28223C71ED500352789 /* LaunchScreen.storyboard in Resources */,
				0E45E27F23C71ED500352789 /* Assets.xcassets in Resources */,
				0E45E27D23C71ED300352789 /* Main.storyboard in Resources */,
			);
			runOnlyForDeploymentPostprocessing = 0;
		};
/* End PBXResourcesBuildPhase section */

/* Begin PBXSourcesBuildPhase section */
		0E45E26B23C71ED300352789 /* Sources */ = {
			isa = PBXSourcesBuildPhase;
			buildActionMask = 2147483647;
			files = (
				0E45E27A23C71ED300352789 /* ViewController.m in Sources */,
				0E45E27423C71ED300352789 /* AppDelegate.m in Sources */,
				0E45E28523C71ED500352789 /* main.m in Sources */,
				0E45E27723C71ED300352789 /* SceneDelegate.m in Sources */,
			);
			runOnlyForDeploymentPostprocessing = 0;
		};
/* End PBXSourcesBuildPhase section */

/* Begin PBXVariantGroup section */
		0E45E27B23C71ED300352789 /* Main.storyboard */ = {
			isa = PBXVariantGroup;
			children = (
				0E45E27C23C71ED300352789 /* Base */,
			);
			name = Main.storyboard;
			sourceTree = "<group>";
		};
		0E45E28023C71ED500352789 /* LaunchScreen.storyboard */ = {
			isa = PBXVariantGroup;
			children = (
				0E45E28123C71ED500352789 /* Base */,
			);
			name = LaunchScreen.storyboard;
			sourceTree = "<group>";
		};
/* End PBXVariantGroup section */

/* Begin XCBuildConfiguration section */
		0E45E28623C71ED500352789 /* Debug */ = {
			isa = XCBuildConfiguration;
			buildSettings = {
				ALWAYS_SEARCH_USER_PATHS = NO;
				CLANG_ANALYZER_NONNULL = YES;
				CLANG_ANALYZER_NUMBER_OBJECT_CONVERSION = YES_AGGRESSIVE;
				CLANG_CXX_LANGUAGE_STANDARD = "gnu++14";
				CLANG_CXX_LIBRARY = "libc++";
				CLANG_ENABLE_MODULES = YES;
				CLANG_ENABLE_OBJC_ARC = YES;
				CLANG_ENABLE_OBJC_WEAK = YES;
				CLANG_WARN_BLOCK_CAPTURE_AUTORELEASING = YES;
				CLANG_WARN_BOOL_CONVERSION = YES;
				CLANG_WARN_COMMA = YES;
				CLANG_WARN_CONSTANT_CONVERSION = YES;
				CLANG_WARN_DEPRECATED_OBJC_IMPLEMENTATIONS = YES;
				CLANG_WARN_DIRECT_OBJC_ISA_USAGE = YES_ERROR;
				CLANG_WARN_DOCUMENTATION_COMMENTS = YES;
				CLANG_WARN_EMPTY_BODY = YES;
				CLANG_WARN_ENUM_CONVERSION = YES;
				CLANG_WARN_INFINITE_RECURSION = YES;
				CLANG_WARN_INT_CONVERSION = YES;
				CLANG_WARN_NON_LITERAL_NULL_CONVERSION = YES;
				CLANG_WARN_OBJC_IMPLICIT_RETAIN_SELF = YES;
				CLANG_WARN_OBJC_LITERAL_CONVERSION = YES;
				CLANG_WARN_OBJC_ROOT_CLASS = YES_ERROR;
				CLANG_WARN_RANGE_LOOP_ANALYSIS = YES;
				CLANG_WARN_STRICT_PROTOTYPES = YES;
				CLANG_WARN_SUSPICIOUS_MOVE = YES;
				CLANG_WARN_UNGUARDED_AVAILABILITY = YES_AGGRESSIVE;
				CLANG_WARN_UNREACHABLE_CODE = YES;
				CLANG_WARN__DUPLICATE_METHOD_MATCH = YES;
				COPY_PHASE_STRIP = NO;
				DEBUG_INFORMATION_FORMAT = dwarf;
				ENABLE_STRICT_OBJC_MSGSEND = YES;
				ENABLE_TESTABILITY = YES;
				GCC_C_LANGUAGE_STANDARD = gnu11;
				GCC_DYNAMIC_NO_PIC = NO;
				GCC_NO_COMMON_BLOCKS = YES;
				GCC_OPTIMIZATION_LEVEL = 0;
				GCC_PREPROCESSOR_DEFINITIONS = (
					"DEBUG=1",
					"$(inherited)",
				);
				GCC_WARN_64_TO_32_BIT_CONVERSION = YES;
				GCC_WARN_ABOUT_RETURN_TYPE = YES_ERROR;
				GCC_WARN_UNDECLARED_SELECTOR = YES;
				GCC_WARN_UNINITIALIZED_AUTOS = YES_AGGRESSIVE;
				GCC_WARN_UNUSED_FUNCTION = YES;
				GCC_WARN_UNUSED_VARIABLE = YES;
				IPHONEOS_DEPLOYMENT_TARGET = 13.2;
				MTL_ENABLE_DEBUG_INFO = INCLUDE_SOURCE;
				MTL_FAST_MATH = YES;
				ONLY_ACTIVE_ARCH = YES;
				SDKROOT = iphoneos;
			};
			name = Debug;
		};
		0E45E28723C71ED500352789 /* Release */ = {
			isa = XCBuildConfiguration;
			buildSettings = {
				ALWAYS_SEARCH_USER_PATHS = NO;
				CLANG_ANALYZER_NONNULL = YES;
				CLANG_ANALYZER_NUMBER_OBJECT_CONVERSION = YES_AGGRESSIVE;
				CLANG_CXX_LANGUAGE_STANDARD = "gnu++14";
				CLANG_CXX_LIBRARY = "libc++";
				CLANG_ENABLE_MODULES = YES;
				CLANG_ENABLE_OBJC_ARC = YES;
				CLANG_ENABLE_OBJC_WEAK = YES;
				CLANG_WARN_BLOCK_CAPTURE_AUTORELEASING = YES;
				CLANG_WARN_BOOL_CONVERSION = YES;
				CLANG_WARN_COMMA = YES;
				CLANG_WARN_CONSTANT_CONVERSION = YES;
				CLANG_WARN_DEPRECATED_OBJC_IMPLEMENTATIONS = YES;
				CLANG_WARN_DIRECT_OBJC_ISA_USAGE = YES_ERROR;
				CLANG_WARN_DOCUMENTATION_COMMENTS = YES;
				CLANG_WARN_EMPTY_BODY = YES;
				CLANG_WARN_ENUM_CONVERSION = YES;
				CLANG_WARN_INFINITE_RECURSION = YES;
				CLANG_WARN_INT_CONVERSION = YES;
				CLANG_WARN_NON_LITERAL_NULL_CONVERSION = YES;
				CLANG_WARN_OBJC_IMPLICIT_RETAIN_SELF = YES;
				CLANG_WARN_OBJC_LITERAL_CONVERSION = YES;
				CLANG_WARN_OBJC_ROOT_CLASS = YES_ERROR;
				CLANG_WARN_RANGE_LOOP_ANALYSIS = YES;
				CLANG_WARN_STRICT_PROTOTYPES = YES;
				CLANG_WARN_SUSPICIOUS_MOVE = YES;
				CLANG_WARN_UNGUARDED_AVAILABILITY = YES_AGGRESSIVE;
				CLANG_WARN_UNREACHABLE_CODE = YES;
				CLANG_WARN__DUPLICATE_METHOD_MATCH = YES;
				COPY_PHASE_STRIP = NO;
				DEBUG_INFORMATION_FORMAT = "dwarf-with-dsym";
				ENABLE_NS_ASSERTIONS = NO;
				ENABLE_STRICT_OBJC_MSGSEND = YES;
				GCC_C_LANGUAGE_STANDARD = gnu11;
				GCC_NO_COMMON_BLOCKS = YES;
				GCC_WARN_64_TO_32_BIT_CONVERSION = YES;
				GCC_WARN_ABOUT_RETURN_TYPE = YES_ERROR;
				GCC_WARN_UNDECLARED_SELECTOR = YES;
				GCC_WARN_UNINITIALIZED_AUTOS = YES_AGGRESSIVE;
				GCC_WARN_UNUSED_FUNCTION = YES;
				GCC_WARN_UNUSED_VARIABLE = YES;
				IPHONEOS_DEPLOYMENT_TARGET = 13.2;
				MTL_ENABLE_DEBUG_INFO = NO;
				MTL_FAST_MATH = YES;
				SDKROOT = iphoneos;
				VALIDATE_PRODUCT = YES;
			};
			name = Release;
		};
		0E45E28923C71ED500352789 /* Debug */ = {
			isa = XCBuildConfiguration;
			buildSettings = {
				ASSETCATALOG_COMPILER_APPICON_NAME = AppIcon;
				CODE_SIGN_ENTITLEMENTS = iOSPipelineTest/iOSPipelineTest.entitlements;
				CODE_SIGN_IDENTITY = "Apple Development";
				CODE_SIGN_STYLE = Automatic;
				DEVELOPMENT_TEAM = 772RH2549C;
				INFOPLIST_FILE = iOSPipelineTest/Info.plist;
				LD_RUNPATH_SEARCH_PATHS = (
					"$(inherited)",
					"@executable_path/Frameworks",
				);
				PRODUCT_BUNDLE_IDENTIFIER = com.britenet.azuretest;
				PRODUCT_NAME = "$(TARGET_NAME)";
				PROVISIONING_PROFILE_SPECIFIER = "";
				TARGETED_DEVICE_FAMILY = "1,2";
			};
			name = Debug;
		};
		0E45E28A23C71ED500352789 /* Release */ = {
			isa = XCBuildConfiguration;
			buildSettings = {
				ASSETCATALOG_COMPILER_APPICON_NAME = AppIcon;
				CODE_SIGN_ENTITLEMENTS = iOSPipelineTest/iOSPipelineTest.entitlements;
				CODE_SIGN_IDENTITY = "Apple Development";
				CODE_SIGN_STYLE = Automatic;
				DEVELOPMENT_TEAM = 772RH2549C;
				INFOPLIST_FILE = iOSPipelineTest/Info.plist;
				LD_RUNPATH_SEARCH_PATHS = (
					"$(inherited)",
					"@executable_path/Frameworks",
				);
				PRODUCT_BUNDLE_IDENTIFIER = com.britenet.azuretest;
				PRODUCT_NAME = "$(TARGET_NAME)";
				PROVISIONING_PROFILE_SPECIFIER = "";
				TARGETED_DEVICE_FAMILY = "1,2";
			};
			name = Release;
		};
/* End XCBuildConfiguration section */

/* Begin XCConfigurationList section */
		0E45E26A23C71ED300352789 /* Build configuration list for PBXProject "iOSPipelineTest" */ = {
			isa = XCConfigurationList;
			buildConfigurations = (
				0E45E28623C71ED500352789 /* Debug */,
				0E45E28723C71ED500352789 /* Release */,
			);
			defaultConfigurationIsVisible = 0;
			defaultConfigurationName = Release;
		};
		0E45E28823C71ED500352789 /* Build configuration list for PBXNativeTarget "iOSPipelineTest" */ = {
			isa = XCConfigurationList;
			buildConfigurations = (
				0E45E28923C71ED500352789 /* Debug */,
				0E45E28A23C71ED500352789 /* Release */,
			);
			defaultConfigurationIsVisible = 0;
			defaultConfigurationName = Release;
		};
/* End XCConfigurationList section */
	};
	rootObject = 0E45E26723C71ED300352789 /* Project object */;
}
